
Microsoft Visual Studio Solution File, Format Version 12.00
# Visual Studio Version 17
VisualStudioVersion = 17.10.34607.79
MinimumVisualStudioVersion = 10.0.40219.1
Project("{FAE04EC0-301F-11D3-BF4B-00C04F79EFBC}") = "EnableDisableTextSelection", "EnableDisableTextSelection\EnableDisableTextSelection.csproj", "{6E05C26E-679E-47C4-9578-69DA8C51ABCD}"
EndProject
Global
	GlobalSection(SolutionConfigurationPlatforms) = preSolution
		Debug|Any CPU = Debug|Any CPU
		Release|Any CPU = Release|Any CPU
	EndGlobalSection
	GlobalSection(ProjectConfigurationPlatforms) = postSolution
		{6E05C26E-679E-47C4-9578-69DA8C51ABCD}.Debug|Any CPU.ActiveCfg = Debug|Any CPU
		{6E05C26E-679E-47C4-9578-69DA8C51ABCD}.Debug|Any CPU.Build.0 = Debug|Any CPU
		{6E05C26E-679E-47C4-9578-69DA8C51ABCD}.Release|Any CPU.ActiveCfg = Release|Any CPU
		{6E05C26E-679E-47C4-9578-69DA8C51ABCD}.Release|Any CPU.Build.0 = Release|Any CPU
	EndGlobalSection
	GlobalSection(SolutionProperties) = preSolution
		HideSolutionNode = FALSE
	EndGlobalSection
	GlobalSection(ExtensibilityGlobals) = postSolution
		SolutionGuid = {31245B35-82FC-4C3B-A888-4730D0AD8EE0}
	EndGlobalSection
EndGlobal
