
Microsoft Visual Studio Solution File, Format Version 12.00
# Visual Studio Version 17
VisualStudioVersion = 17.4.33205.214
MinimumVisualStudioVersion = 10.0.40219.1
Project("{FAE04EC0-301F-11D3-BF4B-00C04F79EFBC}") = "CustomizeSignatureIndicator", "CustomizeSignatureIndicator\CustomizeSignatureIndicator.csproj", "{D619FDFD-6B13-401D-9AB6-6094CD5A45D6}"
EndProject
Global
	GlobalSection(SolutionConfigurationPlatforms) = preSolution
		Debug|Any CPU = Debug|Any CPU
		Release|Any CPU = Release|Any CPU
	EndGlobalSection
	GlobalSection(ProjectConfigurationPlatforms) = postSolution
		{D619FDFD-6B13-401D-9AB6-6094CD5A45D6}.Debug|Any CPU.ActiveCfg = Debug|Any CPU
		{D619FDFD-6B13-401D-9AB6-6094CD5A45D6}.Debug|Any CPU.Build.0 = Debug|Any CPU
		{D619FDFD-6B13-401D-9AB6-6094CD5A45D6}.Release|Any CPU.ActiveCfg = Release|Any CPU
		{D619FDFD-6B13-401D-9AB6-6094CD5A45D6}.Release|Any CPU.Build.0 = Release|Any CPU
	EndGlobalSection
	GlobalSection(SolutionProperties) = preSolution
		HideSolutionNode = FALSE
	EndGlobalSection
	GlobalSection(ExtensibilityGlobals) = postSolution
		SolutionGuid = {2CA1A05F-35A5-495C-9EBE-40CBC2148A46}
	EndGlobalSection
EndGlobal
