
Microsoft Visual Studio Solution File, Format Version 12.00
# Visual Studio Version 17
VisualStudioVersion = 17.10.34607.79
MinimumVisualStudioVersion = 10.0.40219.1
Project("{FAE04EC0-301F-11D3-BF4B-00C04F79EFBC}") = "ExtractTextCompleted", "ExtractTextCompleted\ExtractTextCompleted.csproj", "{59881E06-975A-4502-9E1A-558C2540FCFB}"
EndProject
Global
	GlobalSection(SolutionConfigurationPlatforms) = preSolution
		Debug|Any CPU = Debug|Any CPU
		Release|Any CPU = Release|Any CPU
	EndGlobalSection
	GlobalSection(ProjectConfigurationPlatforms) = postSolution
		{59881E06-975A-4502-9E1A-558C2540FCFB}.Debug|Any CPU.ActiveCfg = Debug|Any CPU
		{59881E06-975A-4502-9E1A-558C2540FCFB}.Debug|Any CPU.Build.0 = Debug|Any CPU
		{59881E06-975A-4502-9E1A-558C2540FCFB}.Release|Any CPU.ActiveCfg = Release|Any CPU
		{59881E06-975A-4502-9E1A-558C2540FCFB}.Release|Any CPU.Build.0 = Release|Any CPU
	EndGlobalSection
	GlobalSection(SolutionProperties) = preSolution
		HideSolutionNode = FALSE
	EndGlobalSection
	GlobalSection(ExtensibilityGlobals) = postSolution
		SolutionGuid = {31245B35-82FC-4C3B-A888-4730D0AD8EE0}
	EndGlobalSection
EndGlobal
